
Microsoft Visual Studio Solution File, Format Version 12.00
# Visual Studio Version 17
VisualStudioVersion = 17.2.32630.192
MinimumVisualStudioVersion = 10.0.40219.1
Project("{FAE04EC0-301F-11D3-BF4B-00C04F79EFBC}") = "WebApplicationSample", "WebApplicationSample.csproj", "{C9F55B16-C081-4ADA-9B42-93B0B639591D}"
EndProject
Global
	GlobalSection(SolutionConfigurationPlatforms) = preSolution
		Debug|Any CPU = Debug|Any CPU
		Release|Any CPU = Release|Any CPU
	EndGlobalSection
	GlobalSection(ProjectConfigurationPlatforms) = postSolution
		{C9F55B16-C081-4ADA-9B42-93B0B639591D}.Debug|Any CPU.ActiveCfg = Debug|Any CPU
		{C9F55B16-C081-4ADA-9B42-93B0B639591D}.Debug|Any CPU.Build.0 = Debug|Any CPU
		{C9F55B16-C081-4ADA-9B42-93B0B639591D}.Release|Any CPU.ActiveCfg = Release|Any CPU
		{C9F55B16-C081-4ADA-9B42-93B0B639591D}.Release|Any CPU.Build.0 = Release|Any CPU
	EndGlobalSection
	GlobalSection(SolutionProperties) = preSolution
		HideSolutionNode = FALSE
	EndGlobalSection
	GlobalSection(ExtensibilityGlobals) = postSolution
		SolutionGuid = {4A252401-8EA4-4C1D-AF35-06A3E8E53270}
	EndGlobalSection
EndGlobal
